# This file is automatically @generated by Cargo.
# It is not intended for manual editing.
version = 4

[[package]]
name = "bitflags"
version = "2.13.0"
source = "registry+https://github.com/rust-lang/crates.io-index"
checksum = "b4388bee8683e3d04af747c73422af53102d2bd24d9eadb6cbc100baef4b43f8"

[[package]]
name = "cfg-if"
version = "1.0.4"
source = "registry+https://github.com/rust-lang/crates.io-index"
checksum = "9330f8b2ff13f34540b44e946ef35111825727b38d33286ef986142615121801"

[[package]]
name = "io-uring"
version = "0.7.12"
source = "registry+https://github.com/rust-lang/crates.io-index"
checksum = "4d09b98f7eace8982db770e4408e7470b028ce513ac28fecdc6bf4c30fe92b62"
dependencies = [
 "bitflags",
 "cfg-if",
 "libc",
]

[[package]]
name = "libc"
version = "0.2.186"
source = "registry+https://github.com/rust-lang/crates.io-index"
checksum = "68ab91017fe16c622486840e4c83c9a37afeff978bd239b5293d61ece587de66"

[[package]]
name = "sophia-kvcache"
version = "0.1.0"

[[package]]
name = "sophia-lsm"
version = "0.1.0"
dependencies = [
 "io-uring",
]

[[package]]
name = "sophia-raft"
version = "0.1.0"
